
Microsoft Visual Studio Solution File, Format Version 12.00
# Visual Studio Version 17
VisualStudioVersion = 17.14.36717.8 d17.14
MinimumVisualStudioVersion = 10.0.40219.1
Project("{FAE04EC0-301F-11D3-BF4B-00C04F79EFBC}") = "GameDetail", "GameDetail\GameDetail.csproj", "{911B4565-3E14-4E63-8B92-7FBE0A62B982}"
EndProject
Global
	GlobalSection(SolutionConfigurationPlatforms) = preSolution
		Debug|Any CPU = Debug|Any CPU
		Release|Any CPU = Release|Any CPU
	EndGlobalSection
	GlobalSection(ProjectConfigurationPlatforms) = postSolution
		{911B4565-3E14-4E63-8B92-7FBE0A62B982}.Debug|Any CPU.ActiveCfg = Debug|Any CPU
		{911B4565-3E14-4E63-8B92-7FBE0A62B982}.Debug|Any CPU.Build.0 = Debug|Any CPU
		{911B4565-3E14-4E63-8B92-7FBE0A62B982}.Release|Any CPU.ActiveCfg = Release|Any CPU
		{911B4565-3E14-4E63-8B92-7FBE0A62B982}.Release|Any CPU.Build.0 = Release|Any CPU
	EndGlobalSection
	GlobalSection(SolutionProperties) = preSolution
		HideSolutionNode = FALSE
	EndGlobalSection
	GlobalSection(ExtensibilityGlobals) = postSolution
		SolutionGuid = {1E90056A-B1AE-4706-B7F5-2AD8F6A29F55}
	EndGlobalSection
EndGlobal
